// !$*UTF8*$!
{
	archiveVersion = 1;
	classes = {
	};
	objectVersion = 56;
	objects = {

/* Begin PBXBuildFile section */
		B4A8039729E5470D00C8A029 /* AppDelegate.swift in Sources */ = {isa = PBXBuildFile; fileRef = B4A8039629E5470D00C8A029 /* AppDelegate.swift */; };
		B4A8039929E5470D00C8A029 /* SceneDelegate.swift in Sources */ = {isa = PBXBuildFile; fileRef = B4A8039829E5470D00C8A029 /* SceneDelegate.swift */; };
		B4A8039B29E5470D00C8A029 /* ViewController.swift in Sources */ = {isa = PBXBuildFile; fileRef = B4A8039A29E5470D00C8A029 /* ViewController.swift */; };
		B4A8039E29E5470D00C8A029 /* Main.storyboard in Resources */ = {isa = PBXBuildFile; fileRef = B4A8039C29E5470D00C8A029 /* Main.storyboard */; };
		B4A803A029E5470E00C8A029 /* Assets.xcassets in Resources */ = {isa = PBXBuildFile; fileRef = B4A8039F29E5470E00C8A029 /* Assets.xcassets */; };
		B4A803A329E5470E00C8A029 /* LaunchScreen.storyboard in Resources */ = {isa = PBXBuildFile; fileRef = B4A803A129E5470E00C8A029 /* LaunchScreen.storyboard */; };
		E59658825BC1C6BC3AA2F24C /* Pods_KeywordNews.framework in Frameworks */ = {isa = PBXBuildFile; fileRef = 625051D372F030DEB9A0DC6C /* Pods_KeywordNews.framework */; };
/* End PBXBuildFile section */

/* Begin PBXFileReference section */
		625051D372F030DEB9A0DC6C /* Pods_KeywordNews.framework */ = {isa = PBXFileReference; explicitFileType = wrapper.framework; includeInIndex = 0; path = Pods_KeywordNews.framework; sourceTree = BUILT_PRODUCTS_DIR; };
		B4A8039329E5470D00C8A029 /* KeywordNews.app */ = {isa = PBXFileReference; explicitFileType = wrapper.application; includeInIndex = 0; path = KeywordNews.app; sourceTree = BUILT_PRODUCTS_DIR; };
		B4A8039629E5470D00C8A029 /* AppDelegate.swift */ = {isa = PBXFileReference; lastKnownFileType = sourcecode.swift; path = AppDelegate.swift; sourceTree = "<group>"; };
		B4A8039829E5470D00C8A029 /* SceneDelegate.swift */ = {isa = PBXFileReference; lastKnownFileType = sourcecode.swift; path = SceneDelegate.swift; sourceTree = "<group>"; };
		B4A8039A29E5470D00C8A029 /* ViewController.swift */ = {isa = PBXFileReference; lastKnownFileType = sourcecode.swift; path = ViewController.swift; sourceTree = "<group>"; };
		B4A8039D29E5470D00C8A029 /* Base */ = {isa = PBXFileReference; lastKnownFileType = file.storyboard; name = Base; path = Base.lproj/Main.storyboard; sourceTree = "<group>"; };
		B4A8039F29E5470E00C8A029 /* Assets.xcassets */ = {isa = PBXFileReference; lastKnownFileType = folder.assetcatalog; path = Assets.xcassets; sourceTree = "<group>"; };
		B4A803A229E5470E00C8A029 /* Base */ = {isa = PBXFileReference; lastKnownFileType = file.storyboard; name = Base; path = Base.lproj/LaunchScreen.storyboard; sourceTree = "<group>"; };
		B4A803A429E5470E00C8A029 /* Info.plist */ = {isa = PBXFileReference; lastKnownFileType = text.plist.xml; path = Info.plist; sourceTree = "<group>"; };
		C3B07597F248084512FF0C3B /* Pods-KeywordNews.debug.xcconfig */ = {isa = PBXFileReference; includeInIndex = 1; lastKnownFileType = text.xcconfig; name = "Pods-KeywordNews.debug.xcconfig"; path = "Target Support Files/Pods-KeywordNews/Pods-KeywordNews.debug.xcconfig"; sourceTree = "<group>"; };
		EC0640A2F8A4DE48ABCA92B9 /* Pods-KeywordNews.release.xcconfig */ = {isa = PBXFileReference; includeInIndex = 1; lastKnownFileType = text.xcconfig; name = "Pods-KeywordNews.release.xcconfig"; path = "Target Support Files/Pods-KeywordNews/Pods-KeywordNews.release.xcconfig"; sourceTree = "<group>"; };
/* End PBXFileReference section */

/* Begin PBXFrameworksBuildPhase section */
		B4A8039029E5470D00C8A029 /* Frameworks */ = {
			isa = PBXFrameworksBuildPhase;
			buildActionMask = 2147483647;
			files = (
				E59658825BC1C6BC3AA2F24C /* Pods_KeywordNews.framework in Frameworks */,
			);
			runOnlyForDeploymentPostprocessing = 0;
		};
/* End PBXFrameworksBuildPhase section */

/* Begin PBXGroup section */
		7D9ECA4EEC36ACA3AA2F1B83 /* Frameworks */ = {
			isa = PBXGroup;
			children = (
				625051D372F030DEB9A0DC6C /* Pods_KeywordNews.framework */,
			);
			name = Frameworks;
			sourceTree = "<group>";
		};
		97D2D5F9A47F6E6794403291 /* Pods */ = {
			isa = PBXGroup;
			children = (
				C3B07597F248084512FF0C3B /* Pods-KeywordNews.debug.xcconfig */,
				EC0640A2F8A4DE48ABCA92B9 /* Pods-KeywordNews.release.xcconfig */,
			);
			name = Pods;
			path = Pods;
			sourceTree = "<group>";
		};
		B4A8038A29E5470D00C8A029 = {
			isa = PBXGroup;
			children = (
				B4A8039529E5470D00C8A029 /* KeywordNews */,
				B4A8039429E5470D00C8A029 /* Products */,
				97D2D5F9A47F6E6794403291 /* Pods */,
				7D9ECA4EEC36ACA3AA2F1B83 /* Frameworks */,
			);
			sourceTree = "<group>";
		};
		B4A8039429E5470D00C8A029 /* Products */ = {
			isa = PBXGroup;
			children = (
				B4A8039329E5470D00C8A029 /* KeywordNews.app */,
			);
			name = Products;
			sourceTree = "<group>";
		};
		B4A8039529E5470D00C8A029 /* KeywordNews */ = {
			isa = PBXGroup;
			children = (
				B4A8039629E5470D00C8A029 /* AppDelegate.swift */,
				B4A8039829E5470D00C8A029 /* SceneDelegate.swift */,
				B4A8039A29E5470D00C8A029 /* ViewController.swift */,
				B4A8039C29E5470D00C8A029 /* Main.storyboard */,
				B4A8039F29E5470E00C8A029 /* Assets.xcassets */,
				B4A803A129E5470E00C8A029 /* LaunchScreen.storyboard */,
				B4A803A429E5470E00C8A029 /* Info.plist */,
			);
			path = KeywordNews;
			sourceTree = "<group>";
		};
/* End PBXGroup section */

/* Begin PBXNativeTarget section */
		B4A8039229E5470D00C8A029 /* KeywordNews */ = {
			isa = PBXNativeTarget;
			buildConfigurationList = B4A803A729E5470E00C8A029 /* Build configuration list for PBXNativeTarget "KeywordNews" */;
			buildPhases = (
				C33296137A3C5C9CE9D98B47 /* [CP] Check Pods Manifest.lock */,
				B4A8038F29E5470D00C8A029 /* Sources */,
				B4A8039029E5470D00C8A029 /* Frameworks */,
				B4A8039129E5470D00C8A029 /* Resources */,
				3AEEA42E4E77C00259EBC7A2 /* [CP] Embed Pods Frameworks */,
			);
			buildRules = (
			);
			dependencies = (
			);
			name = KeywordNews;
			productName = KeywordNews;
			productReference = B4A8039329E5470D00C8A029 /* KeywordNews.app */;
			productType = "com.apple.product-type.application";
		};
/* End PBXNativeTarget section */

/* Begin PBXProject section */
		B4A8038B29E5470D00C8A029 /* Project object */ = {
			isa = PBXProject;
			attributes = {
				BuildIndependentTargetsInParallel = 1;
				LastSwiftUpdateCheck = 1410;
				LastUpgradeCheck = 1410;
				TargetAttributes = {
					B4A8039229E5470D00C8A029 = {
						CreatedOnToolsVersion = 14.1;
					};
				};
			};
			buildConfigurationList = B4A8038E29E5470D00C8A029 /* Build configuration list for PBXProject "KeywordNews" */;
			compatibilityVersion = "Xcode 14.0";
			developmentRegion = en;
			hasScannedForEncodings = 0;
			knownRegions = (
				en,
				Base,
			);
			mainGroup = B4A8038A29E5470D00C8A029;
			productRefGroup = B4A8039429E5470D00C8A029 /* Products */;
			projectDirPath = "";
			projectRoot = "";
			targets = (
				B4A8039229E5470D00C8A029 /* KeywordNews */,
			);
		};
/* End PBXProject section */

/* Begin PBXResourcesBuildPhase section */
		B4A8039129E5470D00C8A029 /* Resources */ = {
			isa = PBXResourcesBuildPhase;
			buildActionMask = 2147483647;
			files = (
				B4A803A329E5470E00C8A029 /* LaunchScreen.storyboard in Resources */,
				B4A803A029E5470E00C8A029 /* Assets.xcassets in Resources */,
				B4A8039E29E5470D00C8A029 /* Main.storyboard in Resources */,
			);
			runOnlyForDeploymentPostprocessing = 0;
		};
/* End PBXResourcesBuildPhase section */

/* Begin PBXShellScriptBuildPhase section */
		3AEEA42E4E77C00259EBC7A2 /* [CP] Embed Pods Frameworks */ = {
			isa = PBXShellScriptBuildPhase;
			buildActionMask = 2147483647;
			files = (
			);
			inputFileListPaths = (
				"${PODS_ROOT}/Target Support Files/Pods-KeywordNews/Pods-KeywordNews-frameworks-${CONFIGURATION}-input-files.xcfilelist",
			);
			name = "[CP] Embed Pods Frameworks";
			outputFileListPaths = (
				"${PODS_ROOT}/Target Support Files/Pods-KeywordNews/Pods-KeywordNews-frameworks-${CONFIGURATION}-output-files.xcfilelist",
			);
			runOnlyForDeploymentPostprocessing = 0;
			shellPath = /bin/sh;
			shellScript = "\"${PODS_ROOT}/Target Support Files/Pods-KeywordNews/Pods-KeywordNews-frameworks.sh\"\n";
			showEnvVarsInLog = 0;
		};
		C33296137A3C5C9CE9D98B47 /* [CP] Check Pods Manifest.lock */ = {
			isa = PBXShellScriptBuildPhase;
			buildActionMask = 2147483647;
			files = (
			);
			inputFileListPaths = (
			);
			inputPaths = (
				"${PODS_PODFILE_DIR_PATH}/Podfile.lock",
				"${PODS_ROOT}/Manifest.lock",
			);
			name = "[CP] Check Pods Manifest.lock";
			outputFileListPaths = (
			);
			outputPaths = (
				"$(DERIVED_FILE_DIR)/Pods-KeywordNews-checkManifestLockResult.txt",
			);
			runOnlyForDeploymentPostprocessing = 0;
			shellPath = /bin/sh;
			shellScript = "diff \"${PODS_PODFILE_DIR_PATH}/Podfile.lock\" \"${PODS_ROOT}/Manifest.lock\" > /dev/null\nif [ $? != 0 ] ; then\n    # print error to STDERR\n    echo \"error: The sandbox is not in sync with the Podfile.lock. Run 'pod install' or update your CocoaPods installation.\" >&2\n    exit 1\nfi\n# This output is used by Xcode 'outputs' to avoid re-running this script phase.\necho \"SUCCESS\" > \"${SCRIPT_OUTPUT_FILE_0}\"\n";
			showEnvVarsInLog = 0;
		};
/* End PBXShellScriptBuildPhase section */

/* Begin PBXSourcesBuildPhase section */
		B4A8038F29E5470D00C8A029 /* Sources */ = {
			isa = PBXSourcesBuildPhase;
			buildActionMask = 2147483647;
			files = (
				B4A8039B29E5470D00C8A029 /* ViewController.swift in Sources */,
				B4A8039729E5470D00C8A029 /* AppDelegate.swift in Sources */,
				B4A8039929E5470D00C8A029 /* SceneDelegate.swift in Sources */,
			);
			runOnlyForDeploymentPostprocessing = 0;
		};
/* End PBXSourcesBuildPhase section */

/* Begin PBXVariantGroup section */
		B4A8039C29E5470D00C8A029 /* Main.storyboard */ = {
			isa = PBXVariantGroup;
			children = (
				B4A8039D29E5470D00C8A029 /* Base */,
			);
			name = Main.storyboard;
			sourceTree = "<group>";
		};
		B4A803A129E5470E00C8A029 /* LaunchScreen.storyboard */ = {
			isa = PBXVariantGroup;
			children = (
				B4A803A229E5470E00C8A029 /* Base */,
			);
			name = LaunchScreen.storyboard;
			sourceTree = "<group>";
		};
/* End PBXVariantGroup section */

/* Begin XCBuildConfiguration section */
		B4A803A529E5470E00C8A029 /* Debug */ = {
			isa = XCBuildConfiguration;
			buildSettings = {
				ALWAYS_SEARCH_USER_PATHS = NO;
				CLANG_ANALYZER_NONNULL = YES;
				CLANG_ANALYZER_NUMBER_OBJECT_CONVERSION = YES_AGGRESSIVE;
				CLANG_CXX_LANGUAGE_STANDARD = "gnu++20";
				CLANG_ENABLE_MODULES = YES;
				CLANG_ENABLE_OBJC_ARC = YES;
				CLANG_ENABLE_OBJC_WEAK = YES;
				CLANG_WARN_BLOCK_CAPTURE_AUTORELEASING = YES;
				CLANG_WARN_BOOL_CONVERSION = YES;
				CLANG_WARN_COMMA = YES;
				CLANG_WARN_CONSTANT_CONVERSION = YES;
				CLANG_WARN_DEPRECATED_OBJC_IMPLEMENTATIONS = YES;
				CLANG_WARN_DIRECT_OBJC_ISA_USAGE = YES_ERROR;
				CLANG_WARN_DOCUMENTATION_COMMENTS = YES;
				CLANG_WARN_EMPTY_BODY = YES;
				CLANG_WARN_ENUM_CONVERSION = YES;
				CLANG_WARN_INFINITE_RECURSION = YES;
				CLANG_WARN_INT_CONVERSION = YES;
				CLANG_WARN_NON_LITERAL_NULL_CONVERSION = YES;
				CLANG_WARN_OBJC_IMPLICIT_RETAIN_SELF = YES;
				CLANG_WARN_OBJC_LITERAL_CONVERSION = YES;
				CLANG_WARN_OBJC_ROOT_CLASS = YES_ERROR;
				CLANG_WARN_QUOTED_INCLUDE_IN_FRAMEWORK_HEADER = YES;
				CLANG_WARN_RANGE_LOOP_ANALYSIS = YES;
				CLANG_WARN_STRICT_PROTOTYPES = YES;
				CLANG_WARN_SUSPICIOUS_MOVE = YES;
				CLANG_WARN_UNGUARDED_AVAILABILITY = YES_AGGRESSIVE;
				CLANG_WARN_UNREACHABLE_CODE = YES;
				CLANG_WARN__DUPLICATE_METHOD_MATCH = YES;
				COPY_PHASE_STRIP = NO;
				DEBUG_INFORMATION_FORMAT = dwarf;
				ENABLE_STRICT_OBJC_MSGSEND = YES;
				ENABLE_TESTABILITY = YES;
				GCC_C_LANGUAGE_STANDARD = gnu11;
				GCC_DYNAMIC_NO_PIC = NO;
				GCC_NO_COMMON_BLOCKS = YES;
				GCC_OPTIMIZATION_LEVEL = 0;
				GCC_PREPROCESSOR_DEFINITIONS = (
					"DEBUG=1",
					"$(inherited)",
				);
				GCC_WARN_64_TO_32_BIT_CONVERSION = YES;
				GCC_WARN_ABOUT_RETURN_TYPE = YES_ERROR;
				GCC_WARN_UNDECLARED_SELECTOR = YES;
				GCC_WARN_UNINITIALIZED_AUTOS = YES_AGGRESSIVE;
				GCC_WARN_UNUSED_FUNCTION = YES;
				GCC_WARN_UNUSED_VARIABLE = YES;
				IPHONEOS_DEPLOYMENT_TARGET = 16.1;
				MTL_ENABLE_DEBUG_INFO = INCLUDE_SOURCE;
				MTL_FAST_MATH = YES;
				ONLY_ACTIVE_ARCH = YES;
				SDKROOT = iphoneos;
				SWIFT_ACTIVE_COMPILATION_CONDITIONS = DEBUG;
				SWIFT_OPTIMIZATION_LEVEL = "-Onone";
			};
			name = Debug;
		};
		B4A803A629E5470E00C8A029 /* Release */ = {
			isa = XCBuildConfiguration;
			buildSettings = {
				ALWAYS_SEARCH_USER_PATHS = NO;
				CLANG_ANALYZER_NONNULL = YES;
				CLANG_ANALYZER_NUMBER_OBJECT_CONVERSION = YES_AGGRESSIVE;
				CLANG_CXX_LANGUAGE_STANDARD = "gnu++20";
				CLANG_ENABLE_MODULES = YES;
				CLANG_ENABLE_OBJC_ARC = YES;
				CLANG_ENABLE_OBJC_WEAK = YES;
				CLANG_WARN_BLOCK_CAPTURE_AUTORELEASING = YES;
				CLANG_WARN_BOOL_CONVERSION = YES;
				CLANG_WARN_COMMA = YES;
				CLANG_WARN_CONSTANT_CONVERSION = YES;
				CLANG_WARN_DEPRECATED_OBJC_IMPLEMENTATIONS = YES;
				CLANG_WARN_DIRECT_OBJC_ISA_USAGE = YES_ERROR;
				CLANG_WARN_DOCUMENTATION_COMMENTS = YES;
				CLANG_WARN_EMPTY_BODY = YES;
				CLANG_WARN_ENUM_CONVERSION = YES;
				CLANG_WARN_INFINITE_RECURSION = YES;
				CLANG_WARN_INT_CONVERSION = YES;
				CLANG_WARN_NON_LITERAL_NULL_CONVERSION = YES;
				CLANG_WARN_OBJC_IMPLICIT_RETAIN_SELF = YES;
				CLANG_WARN_OBJC_LITERAL_CONVERSION = YES;
				CLANG_WARN_OBJC_ROOT_CLASS = YES_ERROR;
				CLANG_WARN_QUOTED_INCLUDE_IN_FRAMEWORK_HEADER = YES;
				CLANG_WARN_RANGE_LOOP_ANALYSIS = YES;
				CLANG_WARN_STRICT_PROTOTYPES = YES;
				CLANG_WARN_SUSPICIOUS_MOVE = YES;
				CLANG_WARN_UNGUARDED_AVAILABILITY = YES_AGGRESSIVE;
				CLANG_WARN_UNREACHABLE_CODE = YES;
				CLANG_WARN__DUPLICATE_METHOD_MATCH = YES;
				COPY_PHASE_STRIP = NO;
				DEBUG_INFORMATION_FORMAT = "dwarf-with-dsym";
				ENABLE_NS_ASSERTIONS = NO;
				ENABLE_STRICT_OBJC_MSGSEND = YES;
				GCC_C_LANGUAGE_STANDARD = gnu11;
				GCC_NO_COMMON_BLOCKS = YES;
				GCC_WARN_64_TO_32_BIT_CONVERSION = YES;
				GCC_WARN_ABOUT_RETURN_TYPE = YES_ERROR;
				GCC_WARN_UNDECLARED_SELECTOR = YES;
				GCC_WARN_UNINITIALIZED_AUTOS = YES_AGGRESSIVE;
				GCC_WARN_UNUSED_FUNCTION = YES;
				GCC_WARN_UNUSED_VARIABLE = YES;
				IPHONEOS_DEPLOYMENT_TARGET = 16.1;
				MTL_ENABLE_DEBUG_INFO = NO;
				MTL_FAST_MATH = YES;
				SDKROOT = iphoneos;
				SWIFT_COMPILATION_MODE = wholemodule;
				SWIFT_OPTIMIZATION_LEVEL = "-O";
				VALIDATE_PRODUCT = YES;
			};
			name = Release;
		};
		B4A803A829E5470E00C8A029 /* Debug */ = {
			isa = XCBuildConfiguration;
			baseConfigurationReference = C3B07597F248084512FF0C3B /* Pods-KeywordNews.debug.xcconfig */;
			buildSettings = {
				ASSETCATALOG_COMPILER_APPICON_NAME = AppIcon;
				ASSETCATALOG_COMPILER_GLOBAL_ACCENT_COLOR_NAME = AccentColor;
				CODE_SIGN_STYLE = Automatic;
				CURRENT_PROJECT_VERSION = 1;
				DEVELOPMENT_TEAM = 7T7HF9QMND;
				GENERATE_INFOPLIST_FILE = YES;
				INFOPLIST_FILE = KeywordNews/Info.plist;
				INFOPLIST_KEY_UIApplicationSupportsIndirectInputEvents = YES;
				INFOPLIST_KEY_UILaunchStoryboardName = LaunchScreen;
				INFOPLIST_KEY_UIMainStoryboardFile = Main;
				INFOPLIST_KEY_UISupportedInterfaceOrientations_iPad = "UIInterfaceOrientationPortrait UIInterfaceOrientationPortraitUpsideDown UIInterfaceOrientationLandscapeLeft UIInterfaceOrientationLandscapeRight";
				INFOPLIST_KEY_UISupportedInterfaceOrientations_iPhone = "UIInterfaceOrientationPortrait UIInterfaceOrientationLandscapeLeft UIInterfaceOrientationLandscapeRight";
				LD_RUNPATH_SEARCH_PATHS = (
					"$(inherited)",
					"@executable_path/Frameworks",
				);
				MARKETING_VERSION = 1.0;
				PRODUCT_BUNDLE_IDENTIFIER = main.KeywordNews;
				PRODUCT_NAME = "$(TARGET_NAME)";
				SWIFT_EMIT_LOC_STRINGS = YES;
				SWIFT_VERSION = 5.0;
				TARGETED_DEVICE_FAMILY = "1,2";
			};
			name = Debug;
		};
		B4A803A929E5470E00C8A029 /* Release */ = {
			isa = XCBuildConfiguration;
			baseConfigurationReference = EC0640A2F8A4DE48ABCA92B9 /* Pods-KeywordNews.release.xcconfig */;
			buildSettings = {
				ASSETCATALOG_COMPILER_APPICON_NAME = AppIcon;
				ASSETCATALOG_COMPILER_GLOBAL_ACCENT_COLOR_NAME = AccentColor;
				CODE_SIGN_STYLE = Automatic;
				CURRENT_PROJECT_VERSION = 1;
				DEVELOPMENT_TEAM = 7T7HF9QMND;
				GENERATE_INFOPLIST_FILE = YES;
				INFOPLIST_FILE = KeywordNews/Info.plist;
				INFOPLIST_KEY_UIApplicationSupportsIndirectInputEvents = YES;
				INFOPLIST_KEY_UILaunchStoryboardName = LaunchScreen;
				INFOPLIST_KEY_UIMainStoryboardFile = Main;
				INFOPLIST_KEY_UISupportedInterfaceOrientations_iPad = "UIInterfaceOrientationPortrait UIInterfaceOrientationPortraitUpsideDown UIInterfaceOrientationLandscapeLeft UIInterfaceOrientationLandscapeRight";
				INFOPLIST_KEY_UISupportedInterfaceOrientations_iPhone = "UIInterfaceOrientationPortrait UIInterfaceOrientationLandscapeLeft UIInterfaceOrientationLandscapeRight";
				LD_RUNPATH_SEARCH_PATHS = (
					"$(inherited)",
					"@executable_path/Frameworks",
				);
				MARKETING_VERSION = 1.0;
				PRODUCT_BUNDLE_IDENTIFIER = main.KeywordNews;
				PRODUCT_NAME = "$(TARGET_NAME)";
				SWIFT_EMIT_LOC_STRINGS = YES;
				SWIFT_VERSION = 5.0;
				TARGETED_DEVICE_FAMILY = "1,2";
			};
			name = Release;
		};
/* End XCBuildConfiguration section */

/* Begin XCConfigurationList section */
		B4A8038E29E5470D00C8A029 /* Build configuration list for PBXProject "KeywordNews" */ = {
			isa = XCConfigurationList;
			buildConfigurations = (
				B4A803A529E5470E00C8A029 /* Debug */,
				B4A803A629E5470E00C8A029 /* Release */,
			);
			defaultConfigurationIsVisible = 0;
			defaultConfigurationName = Release;
		};
		B4A803A729E5470E00C8A029 /* Build configuration list for PBXNativeTarget "KeywordNews" */ = {
			isa = XCConfigurationList;
			buildConfigurations = (
				B4A803A829E5470E00C8A029 /* Debug */,
				B4A803A929E5470E00C8A029 /* Release */,
			);
			defaultConfigurationIsVisible = 0;
			defaultConfigurationName = Release;
		};
/* End XCConfigurationList section */
	};
	rootObject = B4A8038B29E5470D00C8A029 /* Project object */;
}
